// !$*UTF8*$!
{
	archiveVersion = 1;
	classes = {
	};
	objectVersion = 46;
	objects = {

/* Begin PBXBuildFile section */
		F2897B6F1395F36D009FAA05 /* UIKit.framework in Frameworks */ = {isa = PBXBuildFile; fileRef = F2897B6E1395F36D009FAA05 /* UIKit.framework */; };
		F2897B711395F36D009FAA05 /* Foundation.framework in Frameworks */ = {isa = PBXBuildFile; fileRef = F2897B701395F36D009FAA05 /* Foundation.framework */; };
		F2897B731395F36D009FAA05 /* CoreGraphics.framework in Frameworks */ = {isa = PBXBuildFile; fileRef = F2897B721395F36D009FAA05 /* CoreGraphics.framework */; };
		F2897B791395F36D009FAA05 /* InfoPlist.strings in Resources */ = {isa = PBXBuildFile; fileRef = F2897B771395F36D009FAA05 /* InfoPlist.strings */; };
		F2897B7C1395F36D009FAA05 /* main.m in Sources */ = {isa = PBXBuildFile; fileRef = F2897B7B1395F36D009FAA05 /* main.m */; };
		F2897B7F1395F36D009FAA05 /* SSHCoreAppDelegate.m in Sources */ = {isa = PBXBuildFile; fileRef = F2897B7E1395F36D009FAA05 /* SSHCoreAppDelegate.m */; };
		F2897B821395F36D009FAA05 /* MainWindow.xib in Resources */ = {isa = PBXBuildFile; fileRef = F2897B801395F36D009FAA05 /* MainWindow.xib */; };
		F2897B851395F36D009FAA05 /* SSHCoreViewController.m in Sources */ = {isa = PBXBuildFile; fileRef = F2897B841395F36D009FAA05 /* SSHCoreViewController.m */; };
		F2897B881395F36D009FAA05 /* SSHCoreViewController.xib in Resources */ = {isa = PBXBuildFile; fileRef = F2897B861395F36D009FAA05 /* SSHCoreViewController.xib */; };
		F2897B8F1395F36D009FAA05 /* UIKit.framework in Frameworks */ = {isa = PBXBuildFile; fileRef = F2897B6E1395F36D009FAA05 /* UIKit.framework */; };
		F2897B901395F36D009FAA05 /* Foundation.framework in Frameworks */ = {isa = PBXBuildFile; fileRef = F2897B701395F36D009FAA05 /* Foundation.framework */; };
		F2897B911395F36D009FAA05 /* CoreGraphics.framework in Frameworks */ = {isa = PBXBuildFile; fileRef = F2897B721395F36D009FAA05 /* CoreGraphics.framework */; };
		F2897B991395F36D009FAA05 /* InfoPlist.strings in Resources */ = {isa = PBXBuildFile; fileRef = F2897B971395F36D009FAA05 /* InfoPlist.strings */; };
		F2897B9C1395F36D009FAA05 /* SSHCoreTests.h in Resources */ = {isa = PBXBuildFile; fileRef = F2897B9B1395F36D009FAA05 /* SSHCoreTests.h */; };
		F2897B9E1395F36D009FAA05 /* SSHCoreTests.m in Sources */ = {isa = PBXBuildFile; fileRef = F2897B9D1395F36D009FAA05 /* SSHCoreTests.m */; };
		F2897BB81395F768009FAA05 /* libgcrypt.a in Frameworks */ = {isa = PBXBuildFile; fileRef = F2897BB01395F768009FAA05 /* libgcrypt.a */; };
		F2897BB91395F768009FAA05 /* libgpg-error.a in Frameworks */ = {isa = PBXBuildFile; fileRef = F2897BB11395F768009FAA05 /* libgpg-error.a */; };
		F2897BBA1395F768009FAA05 /* libssh2.a in Frameworks */ = {isa = PBXBuildFile; fileRef = F2897BB51395F768009FAA05 /* libssh2.a */; };
		F2897BBB1395F768009FAA05 /* simulator.m in Sources */ = {isa = PBXBuildFile; fileRef = F2897BB71395F768009FAA05 /* simulator.m */; };
		F2897BBE1395F925009FAA05 /* SSHCore.m in Sources */ = {isa = PBXBuildFile; fileRef = F2897BBD1395F925009FAA05 /* SSHCore.m */; };
/* End PBXBuildFile section */

/* Begin PBXContainerItemProxy section */
		F2897B921395F36D009FAA05 /* PBXContainerItemProxy */ = {
			isa = PBXContainerItemProxy;
			containerPortal = F2897B611395F36C009FAA05 /* Project object */;
			proxyType = 1;
			remoteGlobalIDString = F2897B691395F36D009FAA05;
			remoteInfo = SSHCore;
		};
/* End PBXContainerItemProxy section */

/* Begin PBXFileReference section */
		F2897B6A1395F36D009FAA05 /* SSHCore.app */ = {isa = PBXFileReference; explicitFileType = wrapper.application; includeInIndex = 0; path = SSHCore.app; sourceTree = BUILT_PRODUCTS_DIR; };
		F2897B6E1395F36D009FAA05 /* UIKit.framework */ = {isa = PBXFileReference; lastKnownFileType = wrapper.framework; name = UIKit.framework; path = System/Library/Frameworks/UIKit.framework; sourceTree = SDKROOT; };
		F2897B701395F36D009FAA05 /* Foundation.framework */ = {isa = PBXFileReference; lastKnownFileType = wrapper.framework; name = Foundation.framework; path = System/Library/Frameworks/Foundation.framework; sourceTree = SDKROOT; };
		F2897B721395F36D009FAA05 /* CoreGraphics.framework */ = {isa = PBXFileReference; lastKnownFileType = wrapper.framework; name = CoreGraphics.framework; path = System/Library/Frameworks/CoreGraphics.framework; sourceTree = SDKROOT; };
		F2897B761395F36D009FAA05 /* SSHCore-Info.plist */ = {isa = PBXFileReference; lastKnownFileType = text.plist.xml; path = "SSHCore-Info.plist"; sourceTree = "<group>"; };
		F2897B781395F36D009FAA05 /* en */ = {isa = PBXFileReference; lastKnownFileType = text.plist.strings; name = en; path = en.lproj/InfoPlist.strings; sourceTree = "<group>"; };
		F2897B7A1395F36D009FAA05 /* SSHCore-Prefix.pch */ = {isa = PBXFileReference; lastKnownFileType = sourcecode.c.h; path = "SSHCore-Prefix.pch"; sourceTree = "<group>"; };
		F2897B7B1395F36D009FAA05 /* main.m */ = {isa = PBXFileReference; lastKnownFileType = sourcecode.c.objc; path = main.m; sourceTree = "<group>"; };
		F2897B7D1395F36D009FAA05 /* SSHCoreAppDelegate.h */ = {isa = PBXFileReference; lastKnownFileType = sourcecode.c.h; path = SSHCoreAppDelegate.h; sourceTree = "<group>"; };
		F2897B7E1395F36D009FAA05 /* SSHCoreAppDelegate.m */ = {isa = PBXFileReference; lastKnownFileType = sourcecode.c.objc; path = SSHCoreAppDelegate.m; sourceTree = "<group>"; };
		F2897B811395F36D009FAA05 /* en */ = {isa = PBXFileReference; lastKnownFileType = file.xib; name = en; path = en.lproj/MainWindow.xib; sourceTree = "<group>"; };
		F2897B831395F36D009FAA05 /* SSHCoreViewController.h */ = {isa = PBXFileReference; lastKnownFileType = sourcecode.c.h; path = SSHCoreViewController.h; sourceTree = "<group>"; };
		F2897B841395F36D009FAA05 /* SSHCoreViewController.m */ = {isa = PBXFileReference; lastKnownFileType = sourcecode.c.objc; path = SSHCoreViewController.m; sourceTree = "<group>"; };
		F2897B871395F36D009FAA05 /* en */ = {isa = PBXFileReference; lastKnownFileType = file.xib; name = en; path = en.lproj/SSHCoreViewController.xib; sourceTree = "<group>"; };
		F2897B8E1395F36D009FAA05 /* SSHCoreTests.octest */ = {isa = PBXFileReference; explicitFileType = wrapper.cfbundle; includeInIndex = 0; path = SSHCoreTests.octest; sourceTree = BUILT_PRODUCTS_DIR; };
		F2897B961395F36D009FAA05 /* SSHCoreTests-Info.plist */ = {isa = PBXFileReference; lastKnownFileType = text.plist.xml; path = "SSHCoreTests-Info.plist"; sourceTree = "<group>"; };
		F2897B981395F36D009FAA05 /* en */ = {isa = PBXFileReference; lastKnownFileType = text.plist.strings; name = en; path = en.lproj/InfoPlist.strings; sourceTree = "<group>"; };
		F2897B9A1395F36D009FAA05 /* SSHCoreTests-Prefix.pch */ = {isa = PBXFileReference; lastKnownFileType = sourcecode.c.h; path = "SSHCoreTests-Prefix.pch"; sourceTree = "<group>"; };
		F2897B9B1395F36D009FAA05 /* SSHCoreTests.h */ = {isa = PBXFileReference; lastKnownFileType = sourcecode.c.h; path = SSHCoreTests.h; sourceTree = "<group>"; };
		F2897B9D1395F36D009FAA05 /* SSHCoreTests.m */ = {isa = PBXFileReference; lastKnownFileType = sourcecode.c.objc; path = SSHCoreTests.m; sourceTree = "<group>"; };
		F2897BB01395F768009FAA05 /* libgcrypt.a */ = {isa = PBXFileReference; lastKnownFileType = archive.ar; path = libgcrypt.a; sourceTree = "<group>"; };
		F2897BB11395F768009FAA05 /* libgpg-error.a */ = {isa = PBXFileReference; lastKnownFileType = archive.ar; path = "libgpg-error.a"; sourceTree = "<group>"; };
		F2897BB21395F768009FAA05 /* libssh2_config.h */ = {isa = PBXFileReference; fileEncoding = 4; lastKnownFileType = sourcecode.c.h; path = libssh2_config.h; sourceTree = "<group>"; };
		F2897BB31395F768009FAA05 /* libssh2_publickey.h */ = {isa = PBXFileReference; fileEncoding = 4; lastKnownFileType = sourcecode.c.h; path = libssh2_publickey.h; sourceTree = "<group>"; };
		F2897BB41395F768009FAA05 /* libssh2_sftp.h */ = {isa = PBXFileReference; fileEncoding = 4; lastKnownFileType = sourcecode.c.h; path = libssh2_sftp.h; sourceTree = "<group>"; };
		F2897BB51395F768009FAA05 /* libssh2.a */ = {isa = PBXFileReference; lastKnownFileType = archive.ar; path = libssh2.a; sourceTree = "<group>"; };
		F2897BB61395F768009FAA05 /* libssh2.h */ = {isa = PBXFileReference; fileEncoding = 4; lastKnownFileType = sourcecode.c.h; path = libssh2.h; sourceTree = "<group>"; };
		F2897BB71395F768009FAA05 /* simulator.m */ = {isa = PBXFileReference; fileEncoding = 4; lastKnownFileType = sourcecode.c.objc; path = simulator.m; sourceTree = "<group>"; };
		F2897BBC1395F925009FAA05 /* SSHCore.h */ = {isa = PBXFileReference; fileEncoding = 4; lastKnownFileType = sourcecode.c.h; path = SSHCore.h; sourceTree = "<group>"; };
		F2897BBD1395F925009FAA05 /* SSHCore.m */ = {isa = PBXFileReference; fileEncoding = 4; lastKnownFileType = sourcecode.c.objc; path = SSHCore.m; sourceTree = "<group>"; };
/* End PBXFileReference section */

/* Begin PBXFrameworksBuildPhase section */
		F2897B671395F36D009FAA05 /* Frameworks */ = {
			isa = PBXFrameworksBuildPhase;
			buildActionMask = 2147483647;
			files = (
				F2897B6F1395F36D009FAA05 /* UIKit.framework in Frameworks */,
				F2897B711395F36D009FAA05 /* Foundation.framework in Frameworks */,
				F2897B731395F36D009FAA05 /* CoreGraphics.framework in Frameworks */,
				F2897BB81395F768009FAA05 /* libgcrypt.a in Frameworks */,
				F2897BB91395F768009FAA05 /* libgpg-error.a in Frameworks */,
				F2897BBA1395F768009FAA05 /* libssh2.a in Frameworks */,
			);
			runOnlyForDeploymentPostprocessing = 0;
		};
		F2897B8A1395F36D009FAA05 /* Frameworks */ = {
			isa = PBXFrameworksBuildPhase;
			buildActionMask = 2147483647;
			files = (
				F2897B8F1395F36D009FAA05 /* UIKit.framework in Frameworks */,
				F2897B901395F36D009FAA05 /* Foundation.framework in Frameworks */,
				F2897B911395F36D009FAA05 /* CoreGraphics.framework in Frameworks */,
			);
			runOnlyForDeploymentPostprocessing = 0;
		};
/* End PBXFrameworksBuildPhase section */

/* Begin PBXGroup section */
		F2897B5F1395F36C009FAA05 = {
			isa = PBXGroup;
			children = (
				F2897B741395F36D009FAA05 /* SSHCore */,
				F2897B941395F36D009FAA05 /* SSHCoreTests */,
				F2897B6D1395F36D009FAA05 /* Frameworks */,
				F2897B6B1395F36D009FAA05 /* Products */,
			);
			sourceTree = "<group>";
		};
		F2897B6B1395F36D009FAA05 /* Products */ = {
			isa = PBXGroup;
			children = (
				F2897B6A1395F36D009FAA05 /* SSHCore.app */,
				F2897B8E1395F36D009FAA05 /* SSHCoreTests.octest */,
			);
			name = Products;
			sourceTree = "<group>";
		};
		F2897B6D1395F36D009FAA05 /* Frameworks */ = {
			isa = PBXGroup;
			children = (
				F2897B6E1395F36D009FAA05 /* UIKit.framework */,
				F2897B701395F36D009FAA05 /* Foundation.framework */,
				F2897B721395F36D009FAA05 /* CoreGraphics.framework */,
			);
			name = Frameworks;
			sourceTree = "<group>";
		};
		F2897B741395F36D009FAA05 /* SSHCore */ = {
			isa = PBXGroup;
			children = (
				F2897BBC1395F925009FAA05 /* SSHCore.h */,
				F2897BBD1395F925009FAA05 /* SSHCore.m */,
				F2897B7D1395F36D009FAA05 /* SSHCoreAppDelegate.h */,
				F2897B7E1395F36D009FAA05 /* SSHCoreAppDelegate.m */,
				F2897B801395F36D009FAA05 /* MainWindow.xib */,
				F2897B831395F36D009FAA05 /* SSHCoreViewController.h */,
				F2897B841395F36D009FAA05 /* SSHCoreViewController.m */,
				F2897B861395F36D009FAA05 /* SSHCoreViewController.xib */,
				F2897B751395F36D009FAA05 /* Supporting Files */,
			);
			path = SSHCore;
			sourceTree = "<group>";
		};
		F2897B751395F36D009FAA05 /* Supporting Files */ = {
			isa = PBXGroup;
			children = (
				F2897BAF1395F746009FAA05 /* Libraries */,
				F2897B761395F36D009FAA05 /* SSHCore-Info.plist */,
				F2897B771395F36D009FAA05 /* InfoPlist.strings */,
				F2897B7A1395F36D009FAA05 /* SSHCore-Prefix.pch */,
				F2897B7B1395F36D009FAA05 /* main.m */,
			);
			name = "Supporting Files";
			sourceTree = "<group>";
		};
		F2897B941395F36D009FAA05 /* SSHCoreTests */ = {
			isa = PBXGroup;
			children = (
				F2897B9B1395F36D009FAA05 /* SSHCoreTests.h */,
				F2897B9D1395F36D009FAA05 /* SSHCoreTests.m */,
				F2897B951395F36D009FAA05 /* Supporting Files */,
			);
			path = SSHCoreTests;
			sourceTree = "<group>";
		};
		F2897B951395F36D009FAA05 /* Supporting Files */ = {
			isa = PBXGroup;
			children = (
				F2897B961395F36D009FAA05 /* SSHCoreTests-Info.plist */,
				F2897B971395F36D009FAA05 /* InfoPlist.strings */,
				F2897B9A1395F36D009FAA05 /* SSHCoreTests-Prefix.pch */,
			);
			name = "Supporting Files";
			sourceTree = "<group>";
		};
		F2897BAF1395F746009FAA05 /* Libraries */ = {
			isa = PBXGroup;
			children = (
				F2897BB01395F768009FAA05 /* libgcrypt.a */,
				F2897BB11395F768009FAA05 /* libgpg-error.a */,
				F2897BB21395F768009FAA05 /* libssh2_config.h */,
				F2897BB31395F768009FAA05 /* libssh2_publickey.h */,
				F2897BB41395F768009FAA05 /* libssh2_sftp.h */,
				F2897BB51395F768009FAA05 /* libssh2.a */,
				F2897BB61395F768009FAA05 /* libssh2.h */,
				F2897BB71395F768009FAA05 /* simulator.m */,
			);
			name = Libraries;
			sourceTree = "<group>";
		};
/* End PBXGroup section */

/* Begin PBXNativeTarget section */
		F2897B691395F36D009FAA05 /* SSHCore */ = {
			isa = PBXNativeTarget;
			buildConfigurationList = F2897BA11395F36D009FAA05 /* Build configuration list for PBXNativeTarget "SSHCore" */;
			buildPhases = (
				F2897B661395F36D009FAA05 /* Sources */,
				F2897B671395F36D009FAA05 /* Frameworks */,
				F2897B681395F36D009FAA05 /* Resources */,
			);
			buildRules = (
			);
			dependencies = (
			);
			name = SSHCore;
			productName = SSHCore;
			productReference = F2897B6A1395F36D009FAA05 /* SSHCore.app */;
			productType = "com.apple.product-type.application";
		};
		F2897B8D1395F36D009FAA05 /* SSHCoreTests */ = {
			isa = PBXNativeTarget;
			buildConfigurationList = F2897BA41395F36D009FAA05 /* Build configuration list for PBXNativeTarget "SSHCoreTests" */;
			buildPhases = (
				F2897B891395F36D009FAA05 /* Sources */,
				F2897B8A1395F36D009FAA05 /* Frameworks */,
				F2897B8B1395F36D009FAA05 /* Resources */,
				F2897B8C1395F36D009FAA05 /* ShellScript */,
			);
			buildRules = (
			);
			dependencies = (
				F2897B931395F36D009FAA05 /* PBXTargetDependency */,
			);
			name = SSHCoreTests;
			productName = SSHCoreTests;
			productReference = F2897B8E1395F36D009FAA05 /* SSHCoreTests.octest */;
			productType = "com.apple.product-type.bundle";
		};
/* End PBXNativeTarget section */

/* Begin PBXProject section */
		F2897B611395F36C009FAA05 /* Project object */ = {
			isa = PBXProject;
			buildConfigurationList = F2897B641395F36C009FAA05 /* Build configuration list for PBXProject "SSHCore" */;
			compatibilityVersion = "Xcode 3.2";
			developmentRegion = English;
			hasScannedForEncodings = 0;
			knownRegions = (
				en,
			);
			mainGroup = F2897B5F1395F36C009FAA05;
			productRefGroup = F2897B6B1395F36D009FAA05 /* Products */;
			projectDirPath = "";
			projectRoot = "";
			targets = (
				F2897B691395F36D009FAA05 /* SSHCore */,
				F2897B8D1395F36D009FAA05 /* SSHCoreTests */,
			);
		};
/* End PBXProject section */

/* Begin PBXResourcesBuildPhase section */
		F2897B681395F36D009FAA05 /* Resources */ = {
			isa = PBXResourcesBuildPhase;
			buildActionMask = 2147483647;
			files = (
				F2897B791395F36D009FAA05 /* InfoPlist.strings in Resources */,
				F2897B821395F36D009FAA05 /* MainWindow.xib in Resources */,
				F2897B881395F36D009FAA05 /* SSHCoreViewController.xib in Resources */,
			);
			runOnlyForDeploymentPostprocessing = 0;
		};
		F2897B8B1395F36D009FAA05 /* Resources */ = {
			isa = PBXResourcesBuildPhase;
			buildActionMask = 2147483647;
			files = (
				F2897B991395F36D009FAA05 /* InfoPlist.strings in Resources */,
				F2897B9C1395F36D009FAA05 /* SSHCoreTests.h in Resources */,
			);
			runOnlyForDeploymentPostprocessing = 0;
		};
/* End PBXResourcesBuildPhase section */

/* Begin PBXShellScriptBuildPhase section */
		F2897B8C1395F36D009FAA05 /* ShellScript */ = {
			isa = PBXShellScriptBuildPhase;
			buildActionMask = 2147483647;
			files = (
			);
			inputPaths = (
			);
			outputPaths = (
			);
			runOnlyForDeploymentPostprocessing = 0;
			shellPath = /bin/sh;
			shellScript = "# Run the unit tests in this test bundle.\n\"${SYSTEM_DEVELOPER_DIR}/Tools/RunUnitTests\"\n";
		};
/* End PBXShellScriptBuildPhase section */

/* Begin PBXSourcesBuildPhase section */
		F2897B661395F36D009FAA05 /* Sources */ = {
			isa = PBXSourcesBuildPhase;
			buildActionMask = 2147483647;
			files = (
				F2897B7C1395F36D009FAA05 /* main.m in Sources */,
				F2897B7F1395F36D009FAA05 /* SSHCoreAppDelegate.m in Sources */,
				F2897B851395F36D009FAA05 /* SSHCoreViewController.m in Sources */,
				F2897BBB1395F768009FAA05 /* simulator.m in Sources */,
				F2897BBE1395F925009FAA05 /* SSHCore.m in Sources */,
			);
			runOnlyForDeploymentPostprocessing = 0;
		};
		F2897B891395F36D009FAA05 /* Sources */ = {
			isa = PBXSourcesBuildPhase;
			buildActionMask = 2147483647;
			files = (
				F2897B9E1395F36D009FAA05 /* SSHCoreTests.m in Sources */,
			);
			runOnlyForDeploymentPostprocessing = 0;
		};
/* End PBXSourcesBuildPhase section */

/* Begin PBXTargetDependency section */
		F2897B931395F36D009FAA05 /* PBXTargetDependency */ = {
			isa = PBXTargetDependency;
			target = F2897B691395F36D009FAA05 /* SSHCore */;
			targetProxy = F2897B921395F36D009FAA05 /* PBXContainerItemProxy */;
		};
/* End PBXTargetDependency section */

/* Begin PBXVariantGroup section */
		F2897B771395F36D009FAA05 /* InfoPlist.strings */ = {
			isa = PBXVariantGroup;
			children = (
				F2897B781395F36D009FAA05 /* en */,
			);
			name = InfoPlist.strings;
			sourceTree = "<group>";
		};
		F2897B801395F36D009FAA05 /* MainWindow.xib */ = {
			isa = PBXVariantGroup;
			children = (
				F2897B811395F36D009FAA05 /* en */,
			);
			name = MainWindow.xib;
			sourceTree = "<group>";
		};
		F2897B861395F36D009FAA05 /* SSHCoreViewController.xib */ = {
			isa = PBXVariantGroup;
			children = (
				F2897B871395F36D009FAA05 /* en */,
			);
			name = SSHCoreViewController.xib;
			sourceTree = "<group>";
		};
		F2897B971395F36D009FAA05 /* InfoPlist.strings */ = {
			isa = PBXVariantGroup;
			children = (
				F2897B981395F36D009FAA05 /* en */,
			);
			name = InfoPlist.strings;
			sourceTree = "<group>";
		};
/* End PBXVariantGroup section */

/* Begin XCBuildConfiguration section */
		F2897B9F1395F36D009FAA05 /* Debug */ = {
			isa = XCBuildConfiguration;
			buildSettings = {
				ARCHS = "$(ARCHS_STANDARD_32_BIT)";
				"CODE_SIGN_IDENTITY[sdk=iphoneos*]" = "iPhone Developer";
				GCC_C_LANGUAGE_STANDARD = gnu99;
				GCC_OPTIMIZATION_LEVEL = 0;
				GCC_PREPROCESSOR_DEFINITIONS = DEBUG;
				GCC_SYMBOLS_PRIVATE_EXTERN = NO;
				GCC_VERSION = com.apple.compilers.llvmgcc42;
				GCC_WARN_ABOUT_RETURN_TYPE = YES;
				GCC_WARN_UNUSED_VARIABLE = YES;
				IPHONEOS_DEPLOYMENT_TARGET = 4.3;
				SDKROOT = iphoneos;
			};
			name = Debug;
		};
		F2897BA01395F36D009FAA05 /* Release */ = {
			isa = XCBuildConfiguration;
			buildSettings = {
				ARCHS = "$(ARCHS_STANDARD_32_BIT)";
				"CODE_SIGN_IDENTITY[sdk=iphoneos*]" = "iPhone Developer";
				GCC_C_LANGUAGE_STANDARD = gnu99;
				GCC_VERSION = com.apple.compilers.llvmgcc42;
				GCC_WARN_ABOUT_RETURN_TYPE = YES;
				GCC_WARN_UNUSED_VARIABLE = YES;
				IPHONEOS_DEPLOYMENT_TARGET = 4.3;
				OTHER_CFLAGS = "-DNS_BLOCK_ASSERTIONS=1";
				SDKROOT = iphoneos;
			};
			name = Release;
		};
		F2897BA21395F36D009FAA05 /* Debug */ = {
			isa = XCBuildConfiguration;
			buildSettings = {
				ALWAYS_SEARCH_USER_PATHS = NO;
				COPY_PHASE_STRIP = NO;
				GCC_DYNAMIC_NO_PIC = NO;
				GCC_PRECOMPILE_PREFIX_HEADER = YES;
				GCC_PREFIX_HEADER = "SSHCore/SSHCore-Prefix.pch";
				INFOPLIST_FILE = "SSHCore/SSHCore-Info.plist";
				LIBRARY_SEARCH_PATHS = (
					"$(inherited)",
					"\"$(SRCROOT)/SSHCore\"",
				);
				OTHER_LDFLAGS = "-lz";
				PRODUCT_NAME = "$(TARGET_NAME)";
				WRAPPER_EXTENSION = app;
			};
			name = Debug;
		};
		F2897BA31395F36D009FAA05 /* Release */ = {
			isa = XCBuildConfiguration;
			buildSettings = {
				ALWAYS_SEARCH_USER_PATHS = NO;
				COPY_PHASE_STRIP = YES;
				GCC_PRECOMPILE_PREFIX_HEADER = YES;
				GCC_PREFIX_HEADER = "SSHCore/SSHCore-Prefix.pch";
				INFOPLIST_FILE = "SSHCore/SSHCore-Info.plist";
				LIBRARY_SEARCH_PATHS = (
					"$(inherited)",
					"\"$(SRCROOT)/SSHCore\"",
				);
				OTHER_LDFLAGS = "-lz";
				PRODUCT_NAME = "$(TARGET_NAME)";
				VALIDATE_PRODUCT = YES;
				WRAPPER_EXTENSION = app;
			};
			name = Release;
		};
		F2897BA51395F36D009FAA05 /* Debug */ = {
			isa = XCBuildConfiguration;
			buildSettings = {
				ALWAYS_SEARCH_USER_PATHS = NO;
				BUNDLE_LOADER = "$(BUILT_PRODUCTS_DIR)/SSHCore.app/SSHCore";
				FRAMEWORK_SEARCH_PATHS = (
					"$(SDKROOT)/Developer/Library/Frameworks",
					"$(DEVELOPER_LIBRARY_DIR)/Frameworks",
				);
				GCC_PRECOMPILE_PREFIX_HEADER = YES;
				GCC_PREFIX_HEADER = "SSHCoreTests/SSHCoreTests-Prefix.pch";
				INFOPLIST_FILE = "SSHCoreTests/SSHCoreTests-Info.plist";
				OTHER_LDFLAGS = (
					"-framework",
					SenTestingKit,
				);
				PRODUCT_NAME = "$(TARGET_NAME)";
				TEST_HOST = "$(BUNDLE_LOADER)";
				WRAPPER_EXTENSION = octest;
			};
			name = Debug;
		};
		F2897BA61395F36D009FAA05 /* Release */ = {
			isa = XCBuildConfiguration;
			buildSettings = {
				ALWAYS_SEARCH_USER_PATHS = NO;
				BUNDLE_LOADER = "$(BUILT_PRODUCTS_DIR)/SSHCore.app/SSHCore";
				FRAMEWORK_SEARCH_PATHS = (
					"$(SDKROOT)/Developer/Library/Frameworks",
					"$(DEVELOPER_LIBRARY_DIR)/Frameworks",
				);
				GCC_PRECOMPILE_PREFIX_HEADER = YES;
				GCC_PREFIX_HEADER = "SSHCoreTests/SSHCoreTests-Prefix.pch";
				INFOPLIST_FILE = "SSHCoreTests/SSHCoreTests-Info.plist";
				OTHER_LDFLAGS = (
					"-framework",
					SenTestingKit,
				);
				PRODUCT_NAME = "$(TARGET_NAME)";
				TEST_HOST = "$(BUNDLE_LOADER)";
				WRAPPER_EXTENSION = octest;
			};
			name = Release;
		};
/* End XCBuildConfiguration section */

/* Begin XCConfigurationList section */
		F2897B641395F36C009FAA05 /* Build configuration list for PBXProject "SSHCore" */ = {
			isa = XCConfigurationList;
			buildConfigurations = (
				F2897B9F1395F36D009FAA05 /* Debug */,
				F2897BA01395F36D009FAA05 /* Release */,
			);
			defaultConfigurationIsVisible = 0;
			defaultConfigurationName = Release;
		};
		F2897BA11395F36D009FAA05 /* Build configuration list for PBXNativeTarget "SSHCore" */ = {
			isa = XCConfigurationList;
			buildConfigurations = (
				F2897BA21395F36D009FAA05 /* Debug */,
				F2897BA31395F36D009FAA05 /* Release */,
			);
			defaultConfigurationIsVisible = 0;
		};
		F2897BA41395F36D009FAA05 /* Build configuration list for PBXNativeTarget "SSHCoreTests" */ = {
			isa = XCConfigurationList;
			buildConfigurations = (
				F2897BA51395F36D009FAA05 /* Debug */,
				F2897BA61395F36D009FAA05 /* Release */,
			);
			defaultConfigurationIsVisible = 0;
		};
/* End XCConfigurationList section */
	};
	rootObject = F2897B611395F36C009FAA05 /* Project object */;
}
